// !$*UTF8*$!
{
	archiveVersion = 1;
	classes = {
	};
	objectVersion = 55;
	objects = {

/* Begin PBXBuildFile section */
		6D9CF1C627F39B870037C296 /* AppDelegate.swift in Sources */ = {isa = PBXBuildFile; fileRef = 6D9CF1C527F39B870037C296 /* AppDelegate.swift */; };
		6D9CF1C827F39B870037C296 /* SceneDelegate.swift in Sources */ = {isa = PBXBuildFile; fileRef = 6D9CF1C727F39B870037C296 /* SceneDelegate.swift */; };
		6D9CF1CA27F39B870037C296 /* ViewController.swift in Sources */ = {isa = PBXBuildFile; fileRef = 6D9CF1C927F39B870037C296 /* ViewController.swift */; };
		6D9CF1CD27F39B870037C296 /* Main.storyboard in Resources */ = {isa = PBXBuildFile; fileRef = 6D9CF1CB27F39B870037C296 /* Main.storyboard */; };
		6D9CF1CF27F39B890037C296 /* Assets.xcassets in Resources */ = {isa = PBXBuildFile; fileRef = 6D9CF1CE27F39B890037C296 /* Assets.xcassets */; };
		6D9CF1D227F39B890037C296 /* LaunchScreen.storyboard in Resources */ = {isa = PBXBuildFile; fileRef = 6D9CF1D027F39B890037C296 /* LaunchScreen.storyboard */; };
		6D9CF1DD27F39B8A0037C296 /* LoopsHackwichTests.swift in Sources */ = {isa = PBXBuildFile; fileRef = 6D9CF1DC27F39B8A0037C296 /* LoopsHackwichTests.swift */; };
		6D9CF1E727F39B8A0037C296 /* LoopsHackwichUITests.swift in Sources */ = {isa = PBXBuildFile; fileRef = 6D9CF1E627F39B8A0037C296 /* LoopsHackwichUITests.swift */; };
		6D9CF1E927F39B8A0037C296 /* LoopsHackwichUITestsLaunchTests.swift in Sources */ = {isa = PBXBuildFile; fileRef = 6D9CF1E827F39B8A0037C296 /* LoopsHackwichUITestsLaunchTests.swift */; };
/* End PBXBuildFile section */

/* Begin PBXContainerItemProxy section */
		6D9CF1D927F39B8A0037C296 /* PBXContainerItemProxy */ = {
			isa = PBXContainerItemProxy;
			containerPortal = 6D9CF1BA27F39B870037C296 /* Project object */;
			proxyType = 1;
			remoteGlobalIDString = 6D9CF1C127F39B870037C296;
			remoteInfo = LoopsHackwich;
		};
		6D9CF1E327F39B8A0037C296 /* PBXContainerItemProxy */ = {
			isa = PBXContainerItemProxy;
			containerPortal = 6D9CF1BA27F39B870037C296 /* Project object */;
			proxyType = 1;
			remoteGlobalIDString = 6D9CF1C127F39B870037C296;
			remoteInfo = LoopsHackwich;
		};
/* End PBXContainerItemProxy section */

/* Begin PBXFileReference section */
		6D9CF1C227F39B870037C296 /* LoopsHackwich.app */ = {isa = PBXFileReference; explicitFileType = wrapper.application; includeInIndex = 0; path = LoopsHackwich.app; sourceTree = BUILT_PRODUCTS_DIR; };
		6D9CF1C527F39B870037C296 /* AppDelegate.swift */ = {isa = PBXFileReference; lastKnownFileType = sourcecode.swift; path = AppDelegate.swift; sourceTree = "<group>"; };
		6D9CF1C727F39B870037C296 /* SceneDelegate.swift */ = {isa = PBXFileReference; lastKnownFileType = sourcecode.swift; path = SceneDelegate.swift; sourceTree = "<group>"; };
		6D9CF1C927F39B870037C296 /* ViewController.swift */ = {isa = PBXFileReference; lastKnownFileType = sourcecode.swift; path = ViewController.swift; sourceTree = "<group>"; };
		6D9CF1CC27F39B870037C296 /* Base */ = {isa = PBXFileReference; lastKnownFileType = file.storyboard; name = Base; path = Base.lproj/Main.storyboard; sourceTree = "<group>"; };
		6D9CF1CE27F39B890037C296 /* Assets.xcassets */ = {isa = PBXFileReference; lastKnownFileType = folder.assetcatalog; path = Assets.xcassets; sourceTree = "<group>"; };
		6D9CF1D127F39B890037C296 /* Base */ = {isa = PBXFileReference; lastKnownFileType = file.storyboard; name = Base; path = Base.lproj/LaunchScreen.storyboard; sourceTree = "<group>"; };
		6D9CF1D327F39B890037C296 /* Info.plist */ = {isa = PBXFileReference; lastKnownFileType = text.plist.xml; path = Info.plist; sourceTree = "<group>"; };
		6D9CF1D827F39B8A0037C296 /* LoopsHackwichTests.xctest */ = {isa = PBXFileReference; explicitFileType = wrapper.cfbundle; includeInIndex = 0; path = LoopsHackwichTests.xctest; sourceTree = BUILT_PRODUCTS_DIR; };
		6D9CF1DC27F39B8A0037C296 /* LoopsHackwichTests.swift */ = {isa = PBXFileReference; lastKnownFileType = sourcecode.swift; path = LoopsHackwichTests.swift; sourceTree = "<group>"; };
		6D9CF1E227F39B8A0037C296 /* LoopsHackwichUITests.xctest */ = {isa = PBXFileReference; explicitFileType = wrapper.cfbundle; includeInIndex = 0; path = LoopsHackwichUITests.xctest; sourceTree = BUILT_PRODUCTS_DIR; };
		6D9CF1E627F39B8A0037C296 /* LoopsHackwichUITests.swift */ = {isa = PBXFileReference; lastKnownFileType = sourcecode.swift; path = LoopsHackwichUITests.swift; sourceTree = "<group>"; };
		6D9CF1E827F39B8A0037C296 /* LoopsHackwichUITestsLaunchTests.swift */ = {isa = PBXFileReference; lastKnownFileType = sourcecode.swift; path = LoopsHackwichUITestsLaunchTests.swift; sourceTree = "<group>"; };
/* End PBXFileReference section */

/* Begin PBXFrameworksBuildPhase section */
		6D9CF1BF27F39B870037C296 /* Frameworks */ = {
			isa = PBXFrameworksBuildPhase;
			buildActionMask = 2147483647;
			files = (
			);
			runOnlyForDeploymentPostprocessing = 0;
		};
		6D9CF1D527F39B8A0037C296 /* Frameworks */ = {
			isa = PBXFrameworksBuildPhase;
			buildActionMask = 2147483647;
			files = (
			);
			runOnlyForDeploymentPostprocessing = 0;
		};
		6D9CF1DF27F39B8A0037C296 /* Frameworks */ = {
			isa = PBXFrameworksBuildPhase;
			buildActionMask = 2147483647;
			files = (
			);
			runOnlyForDeploymentPostprocessing = 0;
		};
/* End PBXFrameworksBuildPhase section */

/* Begin PBXGroup section */
		6D9CF1B927F39B870037C296 = {
			isa = PBXGroup;
			children = (
				6D9CF1C427F39B870037C296 /* LoopsHackwich */,
				6D9CF1DB27F39B8A0037C296 /* LoopsHackwichTests */,
				6D9CF1E527F39B8A0037C296 /* LoopsHackwichUITests */,
				6D9CF1C327F39B870037C296 /* Products */,
			);
			sourceTree = "<group>";
		};
		6D9CF1C327F39B870037C296 /* Products */ = {
			isa = PBXGroup;
			children = (
				6D9CF1C227F39B870037C296 /* LoopsHackwich.app */,
				6D9CF1D827F39B8A0037C296 /* LoopsHackwichTests.xctest */,
				6D9CF1E227F39B8A0037C296 /* LoopsHackwichUITests.xctest */,
			);
			name = Products;
			sourceTree = "<group>";
		};
		6D9CF1C427F39B870037C296 /* LoopsHackwich */ = {
			isa = PBXGroup;
			children = (
				6D9CF1C527F39B870037C296 /* AppDelegate.swift */,
				6D9CF1C727F39B870037C296 /* SceneDelegate.swift */,
				6D9CF1C927F39B870037C296 /* ViewController.swift */,
				6D9CF1CB27F39B870037C296 /* Main.storyboard */,
				6D9CF1CE27F39B890037C296 /* Assets.xcassets */,
				6D9CF1D027F39B890037C296 /* LaunchScreen.storyboard */,
				6D9CF1D327F39B890037C296 /* Info.plist */,
			);
			path = LoopsHackwich;
			sourceTree = "<group>";
		};
		6D9CF1DB27F39B8A0037C296 /* LoopsHackwichTests */ = {
			isa = PBXGroup;
			children = (
				6D9CF1DC27F39B8A0037C296 /* LoopsHackwichTests.swift */,
			);
			path = LoopsHackwichTests;
			sourceTree = "<group>";
		};
		6D9CF1E527F39B8A0037C296 /* LoopsHackwichUITests */ = {
			isa = PBXGroup;
			children = (
				6D9CF1E627F39B8A0037C296 /* LoopsHackwichUITests.swift */,
				6D9CF1E827F39B8A0037C296 /* LoopsHackwichUITestsLaunchTests.swift */,
			);
			path = LoopsHackwichUITests;
			sourceTree = "<group>";
		};
/* End PBXGroup section */

/* Begin PBXNativeTarget section */
		6D9CF1C127F39B870037C296 /* LoopsHackwich */ = {
			isa = PBXNativeTarget;
			buildConfigurationList = 6D9CF1EC27F39B8A0037C296 /* Build configuration list for PBXNativeTarget "LoopsHackwich" */;
			buildPhases = (
				6D9CF1BE27F39B870037C296 /* Sources */,
				6D9CF1BF27F39B870037C296 /* Frameworks */,
				6D9CF1C027F39B870037C296 /* Resources */,
			);
			buildRules = (
			);
			dependencies = (
			);
			name = LoopsHackwich;
			productName = LoopsHackwich;
			productReference = 6D9CF1C227F39B870037C296 /* LoopsHackwich.app */;
			productType = "com.apple.product-type.application";
		};
		6D9CF1D727F39B8A0037C296 /* LoopsHackwichTests */ = {
			isa = PBXNativeTarget;
			buildConfigurationList = 6D9CF1EF27F39B8A0037C296 /* Build configuration list for PBXNativeTarget "LoopsHackwichTests" */;
			buildPhases = (
				6D9CF1D427F39B8A0037C296 /* Sources */,
				6D9CF1D527F39B8A0037C296 /* Frameworks */,
				6D9CF1D627F39B8A0037C296 /* Resources */,
			);
			buildRules = (
			);
			dependencies = (
				6D9CF1DA27F39B8A0037C296 /* PBXTargetDependency */,
			);
			name = LoopsHackwichTests;
			productName = LoopsHackwichTests;
			productReference = 6D9CF1D827F39B8A0037C296 /* LoopsHackwichTests.xctest */;
			productType = "com.apple.product-type.bundle.unit-test";
		};
		6D9CF1E127F39B8A0037C296 /* LoopsHackwichUITests */ = {
			isa = PBXNativeTarget;
			buildConfigurationList = 6D9CF1F227F39B8A0037C296 /* Build configuration list for PBXNativeTarget "LoopsHackwichUITests" */;
			buildPhases = (
				6D9CF1DE27F39B8A0037C296 /* Sources */,
				6D9CF1DF27F39B8A0037C296 /* Frameworks */,
				6D9CF1E027F39B8A0037C296 /* Resources */,
			);
			buildRules = (
			);
			dependencies = (
				6D9CF1E427F39B8A0037C296 /* PBXTargetDependency */,
			);
			name = LoopsHackwichUITests;
			productName = LoopsHackwichUITests;
			productReference = 6D9CF1E227F39B8A0037C296 /* LoopsHackwichUITests.xctest */;
			productType = "com.apple.product-type.bundle.ui-testing";
		};
/* End PBXNativeTarget section */

/* Begin PBXProject section */
		6D9CF1BA27F39B870037C296 /* Project object */ = {
			isa = PBXProject;
			attributes = {
				BuildIndependentTargetsInParallel = 1;
				LastSwiftUpdateCheck = 1310;
				LastUpgradeCheck = 1310;
				TargetAttributes = {
					6D9CF1C127F39B870037C296 = {
						CreatedOnToolsVersion = 13.1;
					};
					6D9CF1D727F39B8A0037C296 = {
						CreatedOnToolsVersion = 13.1;
						TestTargetID = 6D9CF1C127F39B870037C296;
					};
					6D9CF1E127F39B8A0037C296 = {
						CreatedOnToolsVersion = 13.1;
						TestTargetID = 6D9CF1C127F39B870037C296;
					};
				};
			};
			buildConfigurationList = 6D9CF1BD27F39B870037C296 /* Build configuration list for PBXProject "LoopsHackwich" */;
			compatibilityVersion = "Xcode 13.0";
			developmentRegion = en;
			hasScannedForEncodings = 0;
			knownRegions = (
				en,
				Base,
			);
			mainGroup = 6D9CF1B927F39B870037C296;
			productRefGroup = 6D9CF1C327F39B870037C296 /* Products */;
			projectDirPath = "";
			projectRoot = "";
			targets = (
				6D9CF1C127F39B870037C296 /* LoopsHackwich */,
				6D9CF1D727F39B8A0037C296 /* LoopsHackwichTests */,
				6D9CF1E127F39B8A0037C296 /* LoopsHackwichUITests */,
			);
		};
/* End PBXProject section */

/* Begin PBXResourcesBuildPhase section */
		6D9CF1C027F39B870037C296 /* Resources */ = {
			isa = PBXResourcesBuildPhase;
			buildActionMask = 2147483647;
			files = (
				6D9CF1D227F39B890037C296 /* LaunchScreen.storyboard in Resources */,
				6D9CF1CF27F39B890037C296 /* Assets.xcassets in Resources */,
				6D9CF1CD27F39B870037C296 /* Main.storyboard in Resources */,
			);
			runOnlyForDeploymentPostprocessing = 0;
		};
		6D9CF1D627F39B8A0037C296 /* Resources */ = {
			isa = PBXResourcesBuildPhase;
			buildActionMask = 2147483647;
			files = (
			);
			runOnlyForDeploymentPostprocessing = 0;
		};
		6D9CF1E027F39B8A0037C296 /* Resources */ = {
			isa = PBXResourcesBuildPhase;
			buildActionMask = 2147483647;
			files = (
			);
			runOnlyForDeploymentPostprocessing = 0;
		};
/* End PBXResourcesBuildPhase section */

/* Begin PBXSourcesBuildPhase section */
		6D9CF1BE27F39B870037C296 /* Sources */ = {
			isa = PBXSourcesBuildPhase;
			buildActionMask = 2147483647;
			files = (
				6D9CF1CA27F39B870037C296 /* ViewController.swift in Sources */,
				6D9CF1C627F39B870037C296 /* AppDelegate.swift in Sources */,
				6D9CF1C827F39B870037C296 /* SceneDelegate.swift in Sources */,
			);
			runOnlyForDeploymentPostprocessing = 0;
		};
		6D9CF1D427F39B8A0037C296 /* Sources */ = {
			isa = PBXSourcesBuildPhase;
			buildActionMask = 2147483647;
			files = (
				6D9CF1DD27F39B8A0037C296 /* LoopsHackwichTests.swift in Sources */,
			);
			runOnlyForDeploymentPostprocessing = 0;
		};
		6D9CF1DE27F39B8A0037C296 /* Sources */ = {
			isa = PBXSourcesBuildPhase;
			buildActionMask = 2147483647;
			files = (
				6D9CF1E927F39B8A0037C296 /* LoopsHackwichUITestsLaunchTests.swift in Sources */,
				6D9CF1E727F39B8A0037C296 /* LoopsHackwichUITests.swift in Sources */,
			);
			runOnlyForDeploymentPostprocessing = 0;
		};
/* End PBXSourcesBuildPhase section */

/* Begin PBXTargetDependency section */
		6D9CF1DA27F39B8A0037C296 /* PBXTargetDependency */ = {
			isa = PBXTargetDependency;
			target = 6D9CF1C127F39B870037C296 /* LoopsHackwich */;
			targetProxy = 6D9CF1D927F39B8A0037C296 /* PBXContainerItemProxy */;
		};
		6D9CF1E427F39B8A0037C296 /* PBXTargetDependency */ = {
			isa = PBXTargetDependency;
			target = 6D9CF1C127F39B870037C296 /* LoopsHackwich */;
			targetProxy = 6D9CF1E327F39B8A0037C296 /* PBXContainerItemProxy */;
		};
/* End PBXTargetDependency section */

/* Begin PBXVariantGroup section */
		6D9CF1CB27F39B870037C296 /* Main.storyboard */ = {
			isa = PBXVariantGroup;
			children = (
				6D9CF1CC27F39B870037C296 /* Base */,
			);
			name = Main.storyboard;
			sourceTree = "<group>";
		};
		6D9CF1D027F39B890037C296 /* LaunchScreen.storyboard */ = {
			isa = PBXVariantGroup;
			children = (
				6D9CF1D127F39B890037C296 /* Base */,
			);
			name = LaunchScreen.storyboard;
			sourceTree = "<group>";
		};
/* End PBXVariantGroup section */

/* Begin XCBuildConfiguration section */
		6D9CF1EA27F39B8A0037C296 /* Debug */ = {
			isa = XCBuildConfiguration;
			buildSettings = {
				ALWAYS_SEARCH_USER_PATHS = NO;
				CLANG_ANALYZER_NONNULL = YES;
				CLANG_ANALYZER_NUMBER_OBJECT_CONVERSION = YES_AGGRESSIVE;
				CLANG_CXX_LANGUAGE_STANDARD = "gnu++17";
				CLANG_CXX_LIBRARY = "libc++";
				CLANG_ENABLE_MODULES = YES;
				CLANG_ENABLE_OBJC_ARC = YES;
				CLANG_ENABLE_OBJC_WEAK = YES;
				CLANG_WARN_BLOCK_CAPTURE_AUTORELEASING = YES;
				CLANG_WARN_BOOL_CONVERSION = YES;
				CLANG_WARN_COMMA = YES;
				CLANG_WARN_CONSTANT_CONVERSION = YES;
				CLANG_WARN_DEPRECATED_OBJC_IMPLEMENTATIONS = YES;
				CLANG_WARN_DIRECT_OBJC_ISA_USAGE = YES_ERROR;
				CLANG_WARN_DOCUMENTATION_COMMENTS = YES;
				CLANG_WARN_EMPTY_BODY = YES;
				CLANG_WARN_ENUM_CONVERSION = YES;
				CLANG_WARN_INFINITE_RECURSION = YES;
				CLANG_WARN_INT_CONVERSION = YES;
				CLANG_WARN_NON_LITERAL_NULL_CONVERSION = YES;
				CLANG_WARN_OBJC_IMPLICIT_RETAIN_SELF = YES;
				CLANG_WARN_OBJC_LITERAL_CONVERSION = YES;
				CLANG_WARN_OBJC_ROOT_CLASS = YES_ERROR;
				CLANG_WARN_QUOTED_INCLUDE_IN_FRAMEWORK_HEADER = YES;
				CLANG_WARN_RANGE_LOOP_ANALYSIS = YES;
				CLANG_WARN_STRICT_PROTOTYPES = YES;
				CLANG_WARN_SUSPICIOUS_MOVE = YES;
				CLANG_WARN_UNGUARDED_AVAILABILITY = YES_AGGRESSIVE;
				CLANG_WARN_UNREACHABLE_CODE = YES;
				CLANG_WARN__DUPLICATE_METHOD_MATCH = YES;
				COPY_PHASE_STRIP = NO;
				DEBUG_INFORMATION_FORMAT = dwarf;
				ENABLE_STRICT_OBJC_MSGSEND = YES;
				ENABLE_TESTABILITY = YES;
				GCC_C_LANGUAGE_STANDARD = gnu11;
				GCC_DYNAMIC_NO_PIC = NO;
				GCC_NO_COMMON_BLOCKS = YES;
				GCC_OPTIMIZATION_LEVEL = 0;
				GCC_PREPROCESSOR_DEFINITIONS = (
					"DEBUG=1",
					"$(inherited)",
				);
				GCC_WARN_64_TO_32_BIT_CONVERSION = YES;
				GCC_WARN_ABOUT_RETURN_TYPE = YES_ERROR;
				GCC_WARN_UNDECLARED_SELECTOR = YES;
				GCC_WARN_UNINITIALIZED_AUTOS = YES_AGGRESSIVE;
				GCC_WARN_UNUSED_FUNCTION = YES;
				GCC_WARN_UNUSED_VARIABLE = YES;
				IPHONEOS_DEPLOYMENT_TARGET = 15.0;
				MTL_ENABLE_DEBUG_INFO = INCLUDE_SOURCE;
				MTL_FAST_MATH = YES;
				ONLY_ACTIVE_ARCH = YES;
				SDKROOT = iphoneos;
				SWIFT_ACTIVE_COMPILATION_CONDITIONS = DEBUG;
				SWIFT_OPTIMIZATION_LEVEL = "-Onone";
			};
			name = Debug;
		};
		6D9CF1EB27F39B8A0037C296 /* Release */ = {
			isa = XCBuildConfiguration;
			buildSettings = {
				ALWAYS_SEARCH_USER_PATHS = NO;
				CLANG_ANALYZER_NONNULL = YES;
				CLANG_ANALYZER_NUMBER_OBJECT_CONVERSION = YES_AGGRESSIVE;
				CLANG_CXX_LANGUAGE_STANDARD = "gnu++17";
				CLANG_CXX_LIBRARY = "libc++";
				CLANG_ENABLE_MODULES = YES;
				CLANG_ENABLE_OBJC_ARC = YES;
				CLANG_ENABLE_OBJC_WEAK = YES;
				CLANG_WARN_BLOCK_CAPTURE_AUTORELEASING = YES;
				CLANG_WARN_BOOL_CONVERSION = YES;
				CLANG_WARN_COMMA = YES;
				CLANG_WARN_CONSTANT_CONVERSION = YES;
				CLANG_WARN_DEPRECATED_OBJC_IMPLEMENTATIONS = YES;
				CLANG_WARN_DIRECT_OBJC_ISA_USAGE = YES_ERROR;
				CLANG_WARN_DOCUMENTATION_COMMENTS = YES;
				CLANG_WARN_EMPTY_BODY = YES;
				CLANG_WARN_ENUM_CONVERSION = YES;
				CLANG_WARN_INFINITE_RECURSION = YES;
				CLANG_WARN_INT_CONVERSION = YES;
				CLANG_WARN_NON_LITERAL_NULL_CONVERSION = YES;
				CLANG_WARN_OBJC_IMPLICIT_RETAIN_SELF = YES;
				CLANG_WARN_OBJC_LITERAL_CONVERSION = YES;
				CLANG_WARN_OBJC_ROOT_CLASS = YES_ERROR;
				CLANG_WARN_QUOTED_INCLUDE_IN_FRAMEWORK_HEADER = YES;
				CLANG_WARN_RANGE_LOOP_ANALYSIS = YES;
				CLANG_WARN_STRICT_PROTOTYPES = YES;
				CLANG_WARN_SUSPICIOUS_MOVE = YES;
				CLANG_WARN_UNGUARDED_AVAILABILITY = YES_AGGRESSIVE;
				CLANG_WARN_UNREACHABLE_CODE = YES;
				CLANG_WARN__DUPLICATE_METHOD_MATCH = YES;
				COPY_PHASE_STRIP = NO;
				DEBUG_INFORMATION_FORMAT = "dwarf-with-dsym";
				ENABLE_NS_ASSERTIONS = NO;
				ENABLE_STRICT_OBJC_MSGSEND = YES;
				GCC_C_LANGUAGE_STANDARD = gnu11;
				GCC_NO_COMMON_BLOCKS = YES;
				GCC_WARN_64_TO_32_BIT_CONVERSION = YES;
				GCC_WARN_ABOUT_RETURN_TYPE = YES_ERROR;
				GCC_WARN_UNDECLARED_SELECTOR = YES;
				GCC_WARN_UNINITIALIZED_AUTOS = YES_AGGRESSIVE;
				GCC_WARN_UNUSED_FUNCTION = YES;
				GCC_WARN_UNUSED_VARIABLE = YES;
				IPHONEOS_DEPLOYMENT_TARGET = 15.0;
				MTL_ENABLE_DEBUG_INFO = NO;
				MTL_FAST_MATH = YES;
				SDKROOT = iphoneos;
				SWIFT_COMPILATION_MODE = wholemodule;
				SWIFT_OPTIMIZATION_LEVEL = "-O";
				VALIDATE_PRODUCT = YES;
			};
			name = Release;
		};
		6D9CF1ED27F39B8A0037C296 /* Debug */ = {
			isa = XCBuildConfiguration;
			buildSettings = {
				ASSETCATALOG_COMPILER_APPICON_NAME = AppIcon;
				ASSETCATALOG_COMPILER_GLOBAL_ACCENT_COLOR_NAME = AccentColor;
				CODE_SIGN_STYLE = Automatic;
				CURRENT_PROJECT_VERSION = 1;
				GENERATE_INFOPLIST_FILE = YES;
				INFOPLIST_FILE = LoopsHackwich/Info.plist;
				INFOPLIST_KEY_UIApplicationSupportsIndirectInputEvents = YES;
				INFOPLIST_KEY_UILaunchStoryboardName = LaunchScreen;
				INFOPLIST_KEY_UIMainStoryboardFile = Main;
				INFOPLIST_KEY_UISupportedInterfaceOrientations_iPad = "UIInterfaceOrientationPortrait UIInterfaceOrientationPortraitUpsideDown UIInterfaceOrientationLandscapeLeft UIInterfaceOrientationLandscapeRight";
				INFOPLIST_KEY_UISupportedInterfaceOrientations_iPhone = "UIInterfaceOrientationPortrait UIInterfaceOrientationLandscapeLeft UIInterfaceOrientationLandscapeRight";
				LD_RUNPATH_SEARCH_PATHS = (
					"$(inherited)",
					"@executable_path/Frameworks",
				);
				MARKETING_VERSION = 1.0;
				PRODUCT_BUNDLE_IDENTIFIER = PCA.LoopsHackwich;
				PRODUCT_NAME = "$(TARGET_NAME)";
				SWIFT_EMIT_LOC_STRINGS = YES;
				SWIFT_VERSION = 5.0;
				TARGETED_DEVICE_FAMILY = "1,2";
			};
			name = Debug;
		};
		6D9CF1EE27F39B8A0037C296 /* Release */ = {
			isa = XCBuildConfiguration;
			buildSettings = {
				ASSETCATALOG_COMPILER_APPICON_NAME = AppIcon;
				ASSETCATALOG_COMPILER_GLOBAL_ACCENT_COLOR_NAME = AccentColor;
				CODE_SIGN_STYLE = Automatic;
				CURRENT_PROJECT_VERSION = 1;
				GENERATE_INFOPLIST_FILE = YES;
				INFOPLIST_FILE = LoopsHackwich/Info.plist;
				INFOPLIST_KEY_UIApplicationSupportsIndirectInputEvents = YES;
				INFOPLIST_KEY_UILaunchStoryboardName = LaunchScreen;
				INFOPLIST_KEY_UIMainStoryboardFile = Main;
				INFOPLIST_KEY_UISupportedInterfaceOrientations_iPad = "UIInterfaceOrientationPortrait UIInterfaceOrientationPortraitUpsideDown UIInterfaceOrientationLandscapeLeft UIInterfaceOrientationLandscapeRight";
				INFOPLIST_KEY_UISupportedInterfaceOrientations_iPhone = "UIInterfaceOrientationPortrait UIInterfaceOrientationLandscapeLeft UIInterfaceOrientationLandscapeRight";
				LD_RUNPATH_SEARCH_PATHS = (
					"$(inherited)",
					"@executable_path/Frameworks",
				);
				MARKETING_VERSION = 1.0;
				PRODUCT_BUNDLE_IDENTIFIER = PCA.LoopsHackwich;
				PRODUCT_NAME = "$(TARGET_NAME)";
				SWIFT_EMIT_LOC_STRINGS = YES;
				SWIFT_VERSION = 5.0;
				TARGETED_DEVICE_FAMILY = "1,2";
			};
			name = Release;
		};
		6D9CF1F027F39B8A0037C296 /* Debug */ = {
			isa = XCBuildConfiguration;
			buildSettings = {
				ALWAYS_EMBED_SWIFT_STANDARD_LIBRARIES = YES;
				BUNDLE_LOADER = "$(TEST_HOST)";
				CODE_SIGN_STYLE = Automatic;
				CURRENT_PROJECT_VERSION = 1;
				GENERATE_INFOPLIST_FILE = YES;
				IPHONEOS_DEPLOYMENT_TARGET = 15.0;
				LD_RUNPATH_SEARCH_PATHS = (
					"$(inherited)",
					"@executable_path/Frameworks",
					"@loader_path/Frameworks",
				);
				MARKETING_VERSION = 1.0;
				PRODUCT_BUNDLE_IDENTIFIER = PCA.LoopsHackwichTests;
				PRODUCT_NAME = "$(TARGET_NAME)";
				SWIFT_EMIT_LOC_STRINGS = NO;
				SWIFT_VERSION = 5.0;
				TARGETED_DEVICE_FAMILY = "1,2";
				TEST_HOST = "$(BUILT_PRODUCTS_DIR)/LoopsHackwich.app/LoopsHackwich";
			};
			name = Debug;
		};
		6D9CF1F127F39B8A0037C296 /* Release */ = {
			isa = XCBuildConfiguration;
			buildSettings = {
				ALWAYS_EMBED_SWIFT_STANDARD_LIBRARIES = YES;
				BUNDLE_LOADER = "$(TEST_HOST)";
				CODE_SIGN_STYLE = Automatic;
				CURRENT_PROJECT_VERSION = 1;
				GENERATE_INFOPLIST_FILE = YES;
				IPHONEOS_DEPLOYMENT_TARGET = 15.0;
				LD_RUNPATH_SEARCH_PATHS = (
					"$(inherited)",
					"@executable_path/Frameworks",
					"@loader_path/Frameworks",
				);
				MARKETING_VERSION = 1.0;
				PRODUCT_BUNDLE_IDENTIFIER = PCA.LoopsHackwichTests;
				PRODUCT_NAME = "$(TARGET_NAME)";
				SWIFT_EMIT_LOC_STRINGS = NO;
				SWIFT_VERSION = 5.0;
				TARGETED_DEVICE_FAMILY = "1,2";
				TEST_HOST = "$(BUILT_PRODUCTS_DIR)/LoopsHackwich.app/LoopsHackwich";
			};
			name = Release;
		};
		6D9CF1F327F39B8A0037C296 /* Debug */ = {
			isa = XCBuildConfiguration;
			buildSettings = {
				ALWAYS_EMBED_SWIFT_STANDARD_LIBRARIES = YES;
				CODE_SIGN_STYLE = Automatic;
				CURRENT_PROJECT_VERSION = 1;
				GENERATE_INFOPLIST_FILE = YES;
				LD_RUNPATH_SEARCH_PATHS = (
					"$(inherited)",
					"@executable_path/Frameworks",
					"@loader_path/Frameworks",
				);
				MARKETING_VERSION = 1.0;
				PRODUCT_BUNDLE_IDENTIFIER = PCA.LoopsHackwichUITests;
				PRODUCT_NAME = "$(TARGET_NAME)";
				SWIFT_EMIT_LOC_STRINGS = NO;
				SWIFT_VERSION = 5.0;
				TARGETED_DEVICE_FAMILY = "1,2";
				TEST_TARGET_NAME = LoopsHackwich;
			};
			name = Debug;
		};
		6D9CF1F427F39B8A0037C296 /* Release */ = {
			isa = XCBuildConfiguration;
			buildSettings = {
				ALWAYS_EMBED_SWIFT_STANDARD_LIBRARIES = YES;
				CODE_SIGN_STYLE = Automatic;
				CURRENT_PROJECT_VERSION = 1;
				GENERATE_INFOPLIST_FILE = YES;
				LD_RUNPATH_SEARCH_PATHS = (
					"$(inherited)",
					"@executable_path/Frameworks",
					"@loader_path/Frameworks",
				);
				MARKETING_VERSION = 1.0;
				PRODUCT_BUNDLE_IDENTIFIER = PCA.LoopsHackwichUITests;
				PRODUCT_NAME = "$(TARGET_NAME)";
				SWIFT_EMIT_LOC_STRINGS = NO;
				SWIFT_VERSION = 5.0;
				TARGETED_DEVICE_FAMILY = "1,2";
				TEST_TARGET_NAME = LoopsHackwich;
			};
			name = Release;
		};
/* End XCBuildConfiguration section */

/* Begin XCConfigurationList section */
		6D9CF1BD27F39B870037C296 /* Build configuration list for PBXProject "LoopsHackwich" */ = {
			isa = XCConfigurationList;
			buildConfigurations = (
				6D9CF1EA27F39B8A0037C296 /* Debug */,
				6D9CF1EB27F39B8A0037C296 /* Release */,
			);
			defaultConfigurationIsVisible = 0;
			defaultConfigurationName = Release;
		};
		6D9CF1EC27F39B8A0037C296 /* Build configuration list for PBXNativeTarget "LoopsHackwich" */ = {
			isa = XCConfigurationList;
			buildConfigurations = (
				6D9CF1ED27F39B8A0037C296 /* Debug */,
				6D9CF1EE27F39B8A0037C296 /* Release */,
			);
			defaultConfigurationIsVisible = 0;
			defaultConfigurationName = Release;
		};
		6D9CF1EF27F39B8A0037C296 /* Build configuration list for PBXNativeTarget "LoopsHackwichTests" */ = {
			isa = XCConfigurationList;
			buildConfigurations = (
				6D9CF1F027F39B8A0037C296 /* Debug */,
				6D9CF1F127F39B8A0037C296 /* Release */,
			);
			defaultConfigurationIsVisible = 0;
			defaultConfigurationName = Release;
		};
		6D9CF1F227F39B8A0037C296 /* Build configuration list for PBXNativeTarget "LoopsHackwichUITests" */ = {
			isa = XCConfigurationList;
			buildConfigurations = (
				6D9CF1F327F39B8A0037C296 /* Debug */,
				6D9CF1F427F39B8A0037C296 /* Release */,
			);
			defaultConfigurationIsVisible = 0;
			defaultConfigurationName = Release;
		};
/* End XCConfigurationList section */
	};
	rootObject = 6D9CF1BA27F39B870037C296 /* Project object */;
}
